
Microsoft Visual Studio Solution File, Format Version 12.00
# Visual Studio Version 17
VisualStudioVersion = 17.11.35327.3
MinimumVisualStudioVersion = 10.0.40219.1
Project("{FAE04EC0-301F-11D3-BF4B-00C04F79EFBC}") = "Bank", "Bank\Bank.csproj", "{DCFFABD7-D3C9-4AB3-A0CA-4EBB37196C35}"
EndProject
Global
	GlobalSection(SolutionConfigurationPlatforms) = preSolution
		Debug|Any CPU = Debug|Any CPU
		Release|Any CPU = Release|Any CPU
	EndGlobalSection
	GlobalSection(ProjectConfigurationPlatforms) = postSolution
		{DCFFABD7-D3C9-4AB3-A0CA-4EBB37196C35}.Debug|Any CPU.ActiveCfg = Debug|Any CPU
		{DCFFABD7-D3C9-4AB3-A0CA-4EBB37196C35}.Debug|Any CPU.Build.0 = Debug|Any CPU
		{DCFFABD7-D3C9-4AB3-A0CA-4EBB37196C35}.Release|Any CPU.ActiveCfg = Release|Any CPU
		{DCFFABD7-D3C9-4AB3-A0CA-4EBB37196C35}.Release|Any CPU.Build.0 = Release|Any CPU
	EndGlobalSection
	GlobalSection(SolutionProperties) = preSolution
		HideSolutionNode = FALSE
	EndGlobalSection
	GlobalSection(ExtensibilityGlobals) = postSolution
		SolutionGuid = {6835AD15-3A68-4010-9401-D0B7DA6EE19A}
	EndGlobalSection
EndGlobal
