
Microsoft Visual Studio Solution File, Format Version 12.00
# Visual Studio Version 17
VisualStudioVersion = 17.4.33103.184
MinimumVisualStudioVersion = 10.0.40219.1
Project("{FAE04EC0-301F-11D3-BF4B-00C04F79EFBC}") = "Figury", "Figury\Figury.csproj", "{B8CFBA66-CF3E-4C4B-9465-070B03A8A061}"
EndProject
Global
	GlobalSection(SolutionConfigurationPlatforms) = preSolution
		Debug|Any CPU = Debug|Any CPU
		Release|Any CPU = Release|Any CPU
	EndGlobalSection
	GlobalSection(ProjectConfigurationPlatforms) = postSolution
		{B8CFBA66-CF3E-4C4B-9465-070B03A8A061}.Debug|Any CPU.ActiveCfg = Debug|Any CPU
		{B8CFBA66-CF3E-4C4B-9465-070B03A8A061}.Debug|Any CPU.Build.0 = Debug|Any CPU
		{B8CFBA66-CF3E-4C4B-9465-070B03A8A061}.Release|Any CPU.ActiveCfg = Release|Any CPU
		{B8CFBA66-CF3E-4C4B-9465-070B03A8A061}.Release|Any CPU.Build.0 = Release|Any CPU
	EndGlobalSection
	GlobalSection(SolutionProperties) = preSolution
		HideSolutionNode = FALSE
	EndGlobalSection
	GlobalSection(ExtensibilityGlobals) = postSolution
		SolutionGuid = {C6528676-FC42-49BB-BE88-5120DF608C02}
	EndGlobalSection
EndGlobal
