
Microsoft Visual Studio Solution File, Format Version 12.00
# Visual Studio Version 17
VisualStudioVersion = 17.11.35327.3
MinimumVisualStudioVersion = 10.0.40219.1
Project("{FAE04EC0-301F-11D3-BF4B-00C04F79EFBC}") = "klasy abstrakcyjne4", "klasy abstrakcyjne4\klasy abstrakcyjne4.csproj", "{7124F0C5-8165-430F-AF72-51A4DA1B9B08}"
EndProject
Global
	GlobalSection(SolutionConfigurationPlatforms) = preSolution
		Debug|Any CPU = Debug|Any CPU
		Release|Any CPU = Release|Any CPU
	EndGlobalSection
	GlobalSection(ProjectConfigurationPlatforms) = postSolution
		{7124F0C5-8165-430F-AF72-51A4DA1B9B08}.Debug|Any CPU.ActiveCfg = Debug|Any CPU
		{7124F0C5-8165-430F-AF72-51A4DA1B9B08}.Debug|Any CPU.Build.0 = Debug|Any CPU
		{7124F0C5-8165-430F-AF72-51A4DA1B9B08}.Release|Any CPU.ActiveCfg = Release|Any CPU
		{7124F0C5-8165-430F-AF72-51A4DA1B9B08}.Release|Any CPU.Build.0 = Release|Any CPU
	EndGlobalSection
	GlobalSection(SolutionProperties) = preSolution
		HideSolutionNode = FALSE
	EndGlobalSection
	GlobalSection(ExtensibilityGlobals) = postSolution
		SolutionGuid = {73ACEED1-6FEA-45D6-AB44-B64ED1B365F8}
	EndGlobalSection
EndGlobal
