
Microsoft Visual Studio Solution File, Format Version 12.00
# Visual Studio Version 17
VisualStudioVersion = 17.4.33103.184
MinimumVisualStudioVersion = 10.0.40219.1
Project("{FAE04EC0-301F-11D3-BF4B-00C04F79EFBC}") = "Okna logowania", "Okna logowania\Okna logowania.csproj", "{69578412-4B1A-423D-909E-86C28DF6C6BF}"
EndProject
Global
	GlobalSection(SolutionConfigurationPlatforms) = preSolution
		Debug|Any CPU = Debug|Any CPU
		Release|Any CPU = Release|Any CPU
	EndGlobalSection
	GlobalSection(ProjectConfigurationPlatforms) = postSolution
		{69578412-4B1A-423D-909E-86C28DF6C6BF}.Debug|Any CPU.ActiveCfg = Debug|Any CPU
		{69578412-4B1A-423D-909E-86C28DF6C6BF}.Debug|Any CPU.Build.0 = Debug|Any CPU
		{69578412-4B1A-423D-909E-86C28DF6C6BF}.Release|Any CPU.ActiveCfg = Release|Any CPU
		{69578412-4B1A-423D-909E-86C28DF6C6BF}.Release|Any CPU.Build.0 = Release|Any CPU
	EndGlobalSection
	GlobalSection(SolutionProperties) = preSolution
		HideSolutionNode = FALSE
	EndGlobalSection
	GlobalSection(ExtensibilityGlobals) = postSolution
		SolutionGuid = {5CA469F8-22C7-4283-A796-1373F23537AD}
	EndGlobalSection
EndGlobal
