
Microsoft Visual Studio Solution File, Format Version 12.00
# Visual Studio Version 17
VisualStudioVersion = 17.10.35004.147
MinimumVisualStudioVersion = 10.0.40219.1
Project("{FAE04EC0-301F-11D3-BF4B-00C04F79EFBC}") = "20.09.2024 czesc 3", "20.09.2024 czesc 3\20.09.2024 czesc 3.csproj", "{783F7F4E-61BB-471A-ADB6-FBCC966C80CC}"
EndProject
Global
	GlobalSection(SolutionConfigurationPlatforms) = preSolution
		Debug|Any CPU = Debug|Any CPU
		Release|Any CPU = Release|Any CPU
	EndGlobalSection
	GlobalSection(ProjectConfigurationPlatforms) = postSolution
		{783F7F4E-61BB-471A-ADB6-FBCC966C80CC}.Debug|Any CPU.ActiveCfg = Debug|Any CPU
		{783F7F4E-61BB-471A-ADB6-FBCC966C80CC}.Debug|Any CPU.Build.0 = Debug|Any CPU
		{783F7F4E-61BB-471A-ADB6-FBCC966C80CC}.Release|Any CPU.ActiveCfg = Release|Any CPU
		{783F7F4E-61BB-471A-ADB6-FBCC966C80CC}.Release|Any CPU.Build.0 = Release|Any CPU
	EndGlobalSection
	GlobalSection(SolutionProperties) = preSolution
		HideSolutionNode = FALSE
	EndGlobalSection
	GlobalSection(ExtensibilityGlobals) = postSolution
		SolutionGuid = {DC7A5D4C-C89D-4692-8C00-BD707B84DC5B}
	EndGlobalSection
EndGlobal
