
Microsoft Visual Studio Solution File, Format Version 12.00
# Visual Studio Version 17
VisualStudioVersion = 17.10.35004.147
MinimumVisualStudioVersion = 10.0.40219.1
Project("{FAE04EC0-301F-11D3-BF4B-00C04F79EFBC}") = "Z rzymskich do arabskich", "Z rzymskich do arabskich\Z rzymskich do arabskich.csproj", "{C5450DE1-70D0-42AF-AF6C-DC2703F51BB2}"
EndProject
Global
	GlobalSection(SolutionConfigurationPlatforms) = preSolution
		Debug|Any CPU = Debug|Any CPU
		Release|Any CPU = Release|Any CPU
	EndGlobalSection
	GlobalSection(ProjectConfigurationPlatforms) = postSolution
		{C5450DE1-70D0-42AF-AF6C-DC2703F51BB2}.Debug|Any CPU.ActiveCfg = Debug|Any CPU
		{C5450DE1-70D0-42AF-AF6C-DC2703F51BB2}.Debug|Any CPU.Build.0 = Debug|Any CPU
		{C5450DE1-70D0-42AF-AF6C-DC2703F51BB2}.Release|Any CPU.ActiveCfg = Release|Any CPU
		{C5450DE1-70D0-42AF-AF6C-DC2703F51BB2}.Release|Any CPU.Build.0 = Release|Any CPU
	EndGlobalSection
	GlobalSection(SolutionProperties) = preSolution
		HideSolutionNode = FALSE
	EndGlobalSection
	GlobalSection(ExtensibilityGlobals) = postSolution
		SolutionGuid = {3E9F238B-93AA-4B47-8B1E-A2C7D69A2CDD}
	EndGlobalSection
EndGlobal
