
Microsoft Visual Studio Solution File, Format Version 12.00
# Visual Studio Version 17
VisualStudioVersion = 17.4.33103.184
MinimumVisualStudioVersion = 10.0.40219.1
Project("{FAE04EC0-301F-11D3-BF4B-00C04F79EFBC}") = "Pare okien", "Pare okien\Pare okien.csproj", "{A5DD55BC-F49D-4176-BC0C-A7E15D40D643}"
EndProject
Global
	GlobalSection(SolutionConfigurationPlatforms) = preSolution
		Debug|Any CPU = Debug|Any CPU
		Release|Any CPU = Release|Any CPU
	EndGlobalSection
	GlobalSection(ProjectConfigurationPlatforms) = postSolution
		{A5DD55BC-F49D-4176-BC0C-A7E15D40D643}.Debug|Any CPU.ActiveCfg = Debug|Any CPU
		{A5DD55BC-F49D-4176-BC0C-A7E15D40D643}.Debug|Any CPU.Build.0 = Debug|Any CPU
		{A5DD55BC-F49D-4176-BC0C-A7E15D40D643}.Release|Any CPU.ActiveCfg = Release|Any CPU
		{A5DD55BC-F49D-4176-BC0C-A7E15D40D643}.Release|Any CPU.Build.0 = Release|Any CPU
	EndGlobalSection
	GlobalSection(SolutionProperties) = preSolution
		HideSolutionNode = FALSE
	EndGlobalSection
	GlobalSection(ExtensibilityGlobals) = postSolution
		SolutionGuid = {EC04BAA2-14A9-4E62-A19E-ABC7B6EB88D8}
	EndGlobalSection
EndGlobal
