
Microsoft Visual Studio Solution File, Format Version 12.00
# Visual Studio Version 17
VisualStudioVersion = 17.4.33103.184
MinimumVisualStudioVersion = 10.0.40219.1
Project("{FAE04EC0-301F-11D3-BF4B-00C04F79EFBC}") = "Egzamin 30.09.2024", "Egzamin 30.09.2024\Egzamin 30.09.2024.csproj", "{7A2746B6-FF34-4D3C-B486-6AC40166C3D0}"
EndProject
Global
	GlobalSection(SolutionConfigurationPlatforms) = preSolution
		Debug|Any CPU = Debug|Any CPU
		Release|Any CPU = Release|Any CPU
	EndGlobalSection
	GlobalSection(ProjectConfigurationPlatforms) = postSolution
		{7A2746B6-FF34-4D3C-B486-6AC40166C3D0}.Debug|Any CPU.ActiveCfg = Debug|Any CPU
		{7A2746B6-FF34-4D3C-B486-6AC40166C3D0}.Debug|Any CPU.Build.0 = Debug|Any CPU
		{7A2746B6-FF34-4D3C-B486-6AC40166C3D0}.Release|Any CPU.ActiveCfg = Release|Any CPU
		{7A2746B6-FF34-4D3C-B486-6AC40166C3D0}.Release|Any CPU.Build.0 = Release|Any CPU
	EndGlobalSection
	GlobalSection(SolutionProperties) = preSolution
		HideSolutionNode = FALSE
	EndGlobalSection
	GlobalSection(ExtensibilityGlobals) = postSolution
		SolutionGuid = {0F8BDE7A-AAA7-4A42-915B-DACE5785E146}
	EndGlobalSection
EndGlobal
